
Microsoft Visual Studio Solution File, Format Version 12.00
# Visual Studio 15
VisualStudioVersion = 15.0.28307.421
MinimumVisualStudioVersion = 10.0.40219.1
Project("{FAE04EC0-301F-11D3-BF4B-00C04F79EFBC}") = "EsoftApp", "EsoftApp\EsoftApp.csproj", "{19C30087-F781-48C3-9B64-56A5476BF85A}"
EndProject
Global
	GlobalSection(SolutionConfigurationPlatforms) = preSolution
		Debug|Any CPU = Debug|Any CPU
		Release|Any CPU = Release|Any CPU
	EndGlobalSection
	GlobalSection(ProjectConfigurationPlatforms) = postSolution
		{19C30087-F781-48C3-9B64-56A5476BF85A}.Debug|Any CPU.ActiveCfg = Debug|Any CPU
		{19C30087-F781-48C3-9B64-56A5476BF85A}.Debug|Any CPU.Build.0 = Debug|Any CPU
		{19C30087-F781-48C3-9B64-56A5476BF85A}.Release|Any CPU.ActiveCfg = Release|Any CPU
		{19C30087-F781-48C3-9B64-56A5476BF85A}.Release|Any CPU.Build.0 = Release|Any CPU
	EndGlobalSection
	GlobalSection(SolutionProperties) = preSolution
		HideSolutionNode = FALSE
	EndGlobalSection
	GlobalSection(ExtensibilityGlobals) = postSolution
		SolutionGuid = {98245572-D76A-4E86-A76D-0192C5687357}
	EndGlobalSection
EndGlobal
